{
  "name": "dinnofm",
  "version": "0.0.0",
  "lockfileVersion": 3,
  "requires": true,
  "packages": {
    "": {
      "name": "dinnofm",
      "version": "0.0.0",
      "dependencies": {
        "naive-ui": "^2.35.0",
        "vue": "^3.3.11",
        "vue-router": "^4.2.5"
      },
      "devDependencies": {
        "@vitejs/plugin-vue": "^4.5.2",
        "vite": "^5.0.8",
        "vite-plugin-style-import": "^2.0.0"
      }
    },
    "node_modules/@babel/parser": {
      "version": "7.23.6",
      "resolved": "https://registry.npmmirror.com/@babel/parser/-/parser-7.23.6.tgz",
      "integrity": "sha512-Z2uID7YJ7oNvAI20O9X0bblw7Qqs8Q2hFy0R9tAfnfLkp5MW0UH9eUvnDSnFwKZ0AvgS1ucqR4KzvVHgnke1VQ==",
      "bin": {
        "parser": "bin/babel-parser.js"
      },
      "engines": {
        "node": ">=6.0.0"
      }
    },
    "node_modules/@babel/runtime": {
      "version": "7.23.6",
      "resolved": "https://registry.npmmirror.com/@babel/runtime/-/runtime-7.23.6.tgz",
      "integrity": "sha512-zHd0eUrf5GZoOWVCXp6koAKQTfZV07eit6bGPmJgnZdnSAvvZee6zniW2XMF7Cmc4ISOOnPy3QaSiIJGJkVEDQ==",
      "dependencies": {
        "regenerator-runtime": "^0.14.0"
      },
      "engines": {
        "node": ">=6.9.0"
      }
    },
    "node_modules/@css-render/plugin-bem": {
      "version": "0.15.12",
      "resolved": "https://registry.npmmirror.com/@css-render/plugin-bem/-/plugin-bem-0.15.12.tgz",
      "integrity": "sha512-Lq2jSOZn+wYQtsyaFj6QRz2EzAnd3iW5fZeHO1WSXQdVYwvwGX0ZiH3X2JQgtgYLT1yeGtrwrqJdNdMEUD2xTw==",
      "peerDependencies": {
        "css-render": "~0.15.12"
      }
    },
    "node_modules/@css-render/vue3-ssr": {
      "version": "0.15.12",
      "resolved": "https://registry.npmmirror.com/@css-render/vue3-ssr/-/vue3-ssr-0.15.12.tgz",
      "integrity": "sha512-AQLGhhaE0F+rwybRCkKUdzBdTEM/5PZBYy+fSYe1T9z9+yxMuV/k7ZRqa4M69X+EI1W8pa4kc9Iq2VjQkZx4rg==",
      "peerDependencies": {
        "vue": "^3.0.11"
      }
    },
    "node_modules/@emotion/hash": {
      "version": "0.8.0",
      "resolved": "https://registry.npmmirror.com/@emotion/hash/-/hash-0.8.0.tgz",
      "integrity": "sha512-kBJtf7PH6aWwZ6fka3zQ0p6SBYzx4fl1LoZXE2RrnYST9Xljm7WfKJrU4g/Xr3Beg72MLrp1AWNUmuYJTL7Cow=="
    },
    "node_modules/@esbuild/android-arm": {
      "version": "0.19.9",
      "resolved": "https://registry.npmmirror.com/@esbuild/android-arm/-/android-arm-0.19.9.tgz",
      "integrity": "sha512-jkYjjq7SdsWuNI6b5quymW0oC83NN5FdRPuCbs9HZ02mfVdAP8B8eeqLSYU3gb6OJEaY5CQabtTFbqBf26H3GA==",
      "cpu": [
        "arm"
      ],
      "dev": true,
      "optional": true,
      "os": [
        "android"
      ],
      "engines": {
        "node": ">=12"
      }
    },
    "node_modules/@esbuild/android-arm64": {
      "version": "0.19.9",
      "resolved": "https://registry.npmmirror.com/@esbuild/android-arm64/-/android-arm64-0.19.9.tgz",
      "integrity": "sha512-q4cR+6ZD0938R19MyEW3jEsMzbb/1rulLXiNAJQADD/XYp7pT+rOS5JGxvpRW8dFDEfjW4wLgC/3FXIw4zYglQ==",
      "cpu": [
        "arm64"
      ],
      "dev": true,
      "optional": true,
      "os": [
        "android"
      ],
      "engines": {
        "node": ">=12"
      }
    },
    "node_modules/@esbuild/android-x64": {
      "version": "0.19.9",
      "resolved": "https://registry.npmmirror.com/@esbuild/android-x64/-/android-x64-0.19.9.tgz",
      "integrity": "sha512-KOqoPntWAH6ZxDwx1D6mRntIgZh9KodzgNOy5Ebt9ghzffOk9X2c1sPwtM9P+0eXbefnDhqYfkh5PLP5ULtWFA==",
      "cpu": [
        "x64"
      ],
      "dev": true,
      "optional": true,
      "os": [
        "android"
      ],
      "engines": {
        "node": ">=12"
      }
    },
    "node_modules/@esbuild/darwin-arm64": {
      "version": "0.19.9",
      "resolved": "https://registry.npmmirror.com/@esbuild/darwin-arm64/-/darwin-arm64-0.19.9.tgz",
      "integrity": "sha512-KBJ9S0AFyLVx2E5D8W0vExqRW01WqRtczUZ8NRu+Pi+87opZn5tL4Y0xT0mA4FtHctd0ZgwNoN639fUUGlNIWw==",
      "cpu": [
        "arm64"
      ],
      "dev": true,
      "optional": true,
      "os": [
        "darwin"
      ],
      "engines": {
        "node": ">=12"
      }
    },
    "node_modules/@esbuild/darwin-x64": {
      "version": "0.19.9",
      "resolved": "https://registry.npmmirror.com/@esbuild/darwin-x64/-/darwin-x64-0.19.9.tgz",
      "integrity": "sha512-vE0VotmNTQaTdX0Q9dOHmMTao6ObjyPm58CHZr1UK7qpNleQyxlFlNCaHsHx6Uqv86VgPmR4o2wdNq3dP1qyDQ==",
      "cpu": [
        "x64"
      ],
      "dev": true,
      "optional": true,
      "os": [
        "darwin"
      ],
      "engines": {
        "node": ">=12"
      }
    },
    "node_modules/@esbuild/freebsd-arm64": {
      "version": "0.19.9",
      "resolved": "https://registry.npmmirror.com/@esbuild/freebsd-arm64/-/freebsd-arm64-0.19.9.tgz",
      "integrity": "sha512-uFQyd/o1IjiEk3rUHSwUKkqZwqdvuD8GevWF065eqgYfexcVkxh+IJgwTaGZVu59XczZGcN/YMh9uF1fWD8j1g==",
      "cpu": [
        "arm64"
      ],
      "dev": true,
      "optional": true,
      "os": [
        "freebsd"
      ],
      "engines": {
        "node": ">=12"
      }
    },
    "node_modules/@esbuild/freebsd-x64": {
      "version": "0.19.9",
      "resolved": "https://registry.npmmirror.com/@esbuild/freebsd-x64/-/freebsd-x64-0.19.9.tgz",
      "integrity": "sha512-WMLgWAtkdTbTu1AWacY7uoj/YtHthgqrqhf1OaEWnZb7PQgpt8eaA/F3LkV0E6K/Lc0cUr/uaVP/49iE4M4asA==",
      "cpu": [
        "x64"
      ],
      "dev": true,
      "optional": true,
      "os": [
        "freebsd"
      ],
      "engines": {
        "node": ">=12"
      }
    },
    "node_modules/@esbuild/linux-arm": {
      "version": "0.19.9",
      "resolved": "https://registry.npmmirror.com/@esbuild/linux-arm/-/linux-arm-0.19.9.tgz",
      "integrity": "sha512-C/ChPohUYoyUaqn1h17m/6yt6OB14hbXvT8EgM1ZWaiiTYz7nWZR0SYmMnB5BzQA4GXl3BgBO1l8MYqL/He3qw==",
      "cpu": [
        "arm"
      ],
      "dev": true,
      "optional": true,
      "os": [
        "linux"
      ],
      "engines": {
        "node": ">=12"
      }
    },
    "node_modules/@esbuild/linux-arm64": {
      "version": "0.19.9",
      "resolved": "https://registry.npmmirror.com/@esbuild/linux-arm64/-/linux-arm64-0.19.9.tgz",
      "integrity": "sha512-PiPblfe1BjK7WDAKR1Cr9O7VVPqVNpwFcPWgfn4xu0eMemzRp442hXyzF/fSwgrufI66FpHOEJk0yYdPInsmyQ==",
      "cpu": [
        "arm64"
      ],
      "dev": true,
      "optional": true,
      "os": [
        "linux"
      ],
      "engines": {
        "node": ">=12"
      }
    },
    "node_modules/@esbuild/linux-ia32": {
      "version": "0.19.9",
      "resolved": "https://registry.npmmirror.com/@esbuild/linux-ia32/-/linux-ia32-0.19.9.tgz",
      "integrity": "sha512-f37i/0zE0MjDxijkPSQw1CO/7C27Eojqb+r3BbHVxMLkj8GCa78TrBZzvPyA/FNLUMzP3eyHCVkAopkKVja+6Q==",
      "cpu": [
        "ia32"
      ],
      "dev": true,
      "optional": true,
      "os": [
        "linux"
      ],
      "engines": {
        "node": ">=12"
      }
    },
    "node_modules/@esbuild/linux-loong64": {
      "version": "0.19.9",
      "resolved": "https://registry.npmmirror.com/@esbuild/linux-loong64/-/linux-loong64-0.19.9.tgz",
      "integrity": "sha512-t6mN147pUIf3t6wUt3FeumoOTPfmv9Cc6DQlsVBpB7eCpLOqQDyWBP1ymXn1lDw4fNUSb/gBcKAmvTP49oIkaA==",
      "cpu": [
        "loong64"
      ],
      "dev": true,
      "optional": true,
      "os": [
        "linux"
      ],
      "engines": {
        "node": ">=12"
      }
    },
    "node_modules/@esbuild/linux-mips64el": {
      "version": "0.19.9",
      "resolved": "https://registry.npmmirror.com/@esbuild/linux-mips64el/-/linux-mips64el-0.19.9.tgz",
      "integrity": "sha512-jg9fujJTNTQBuDXdmAg1eeJUL4Jds7BklOTkkH80ZgQIoCTdQrDaHYgbFZyeTq8zbY+axgptncko3v9p5hLZtw==",
      "cpu": [
        "mips64el"
      ],
      "dev": true,
      "optional": true,
      "os": [
        "linux"
      ],
      "engines": {
        "node": ">=12"
      }
    },
    "node_modules/@esbuild/linux-ppc64": {
      "version": "0.19.9",
      "resolved": "https://registry.npmmirror.com/@esbuild/linux-ppc64/-/linux-ppc64-0.19.9.tgz",
      "integrity": "sha512-tkV0xUX0pUUgY4ha7z5BbDS85uI7ABw3V1d0RNTii7E9lbmV8Z37Pup2tsLV46SQWzjOeyDi1Q7Wx2+QM8WaCQ==",
      "cpu": [
        "ppc64"
      ],
      "dev": true,
      "optional": true,
      "os": [
        "linux"
      ],
      "engines": {
        "node": ">=12"
      }
    },
    "node_modules/@esbuild/linux-riscv64": {
      "version": "0.19.9",
      "resolved": "https://registry.npmmirror.com/@esbuild/linux-riscv64/-/linux-riscv64-0.19.9.tgz",
      "integrity": "sha512-DfLp8dj91cufgPZDXr9p3FoR++m3ZJ6uIXsXrIvJdOjXVREtXuQCjfMfvmc3LScAVmLjcfloyVtpn43D56JFHg==",
      "cpu": [
        "riscv64"
      ],
      "dev": true,
      "optional": true,
      "os": [
        "linux"
      ],
      "engines": {
        "node": ">=12"
      }
    },
    "node_modules/@esbuild/linux-s390x": {
      "version": "0.19.9",
      "resolved": "https://registry.npmmirror.com/@esbuild/linux-s390x/-/linux-s390x-0.19.9.tgz",
      "integrity": "sha512-zHbglfEdC88KMgCWpOl/zc6dDYJvWGLiUtmPRsr1OgCViu3z5GncvNVdf+6/56O2Ca8jUU+t1BW261V6kp8qdw==",
      "cpu": [
        "s390x"
      ],
      "dev": true,
      "optional": true,
      "os": [
        "linux"
      ],
      "engines": {
        "node": ">=12"
      }
    },
    "node_modules/@esbuild/linux-x64": {
      "version": "0.19.9",
      "resolved": "https://registry.npmmirror.com/@esbuild/linux-x64/-/linux-x64-0.19.9.tgz",
      "integrity": "sha512-JUjpystGFFmNrEHQnIVG8hKwvA2DN5o7RqiO1CVX8EN/F/gkCjkUMgVn6hzScpwnJtl2mPR6I9XV1oW8k9O+0A==",
      "cpu": [
        "x64"
      ],
      "dev": true,
      "optional": true,
      "os": [
        "linux"
      ],
      "engines": {
        "node": ">=12"
      }
    },
    "node_modules/@esbuild/netbsd-x64": {
      "version": "0.19.9",
      "resolved": "https://registry.npmmirror.com/@esbuild/netbsd-x64/-/netbsd-x64-0.19.9.tgz",
      "integrity": "sha512-GThgZPAwOBOsheA2RUlW5UeroRfESwMq/guy8uEe3wJlAOjpOXuSevLRd70NZ37ZrpO6RHGHgEHvPg1h3S1Jug==",
      "cpu": [
        "x64"
      ],
      "dev": true,
      "optional": true,
      "os": [
        "netbsd"
      ],
      "engines": {
        "node": ">=12"
      }
    },
    "node_modules/@esbuild/openbsd-x64": {
      "version": "0.19.9",
      "resolved": "https://registry.npmmirror.com/@esbuild/openbsd-x64/-/openbsd-x64-0.19.9.tgz",
      "integrity": "sha512-Ki6PlzppaFVbLnD8PtlVQfsYw4S9n3eQl87cqgeIw+O3sRr9IghpfSKY62mggdt1yCSZ8QWvTZ9jo9fjDSg9uw==",
      "cpu": [
        "x64"
      ],
      "dev": true,
      "optional": true,
      "os": [
        "openbsd"
      ],
      "engines": {
        "node": ">=12"
      }
    },
    "node_modules/@esbuild/sunos-x64": {
      "version": "0.19.9",
      "resolved": "https://registry.npmmirror.com/@esbuild/sunos-x64/-/sunos-x64-0.19.9.tgz",
      "integrity": "sha512-MLHj7k9hWh4y1ddkBpvRj2b9NCBhfgBt3VpWbHQnXRedVun/hC7sIyTGDGTfsGuXo4ebik2+3ShjcPbhtFwWDw==",
      "cpu": [
        "x64"
      ],
      "dev": true,
      "optional": true,
      "os": [
        "sunos"
      ],
      "engines": {
        "node": ">=12"
      }
    },
    "node_modules/@esbuild/win32-arm64": {
      "version": "0.19.9",
      "resolved": "https://registry.npmmirror.com/@esbuild/win32-arm64/-/win32-arm64-0.19.9.tgz",
      "integrity": "sha512-GQoa6OrQ8G08guMFgeXPH7yE/8Dt0IfOGWJSfSH4uafwdC7rWwrfE6P9N8AtPGIjUzdo2+7bN8Xo3qC578olhg==",
      "cpu": [
        "arm64"
      ],
      "dev": true,
      "optional": true,
      "os": [
        "win32"
      ],
      "engines": {
        "node": ">=12"
      }
    },
    "node_modules/@esbuild/win32-ia32": {
      "version": "0.19.9",
      "resolved": "https://registry.npmmirror.com/@esbuild/win32-ia32/-/win32-ia32-0.19.9.tgz",
      "integrity": "sha512-UOozV7Ntykvr5tSOlGCrqU3NBr3d8JqPes0QWN2WOXfvkWVGRajC+Ym0/Wj88fUgecUCLDdJPDF0Nna2UK3Qtg==",
      "cpu": [
        "ia32"
      ],
      "dev": true,
      "optional": true,
      "os": [
        "win32"
      ],
      "engines": {
        "node": ">=12"
      }
    },
    "node_modules/@esbuild/win32-x64": {
      "version": "0.19.9",
      "resolved": "https://registry.npmmirror.com/@esbuild/win32-x64/-/win32-x64-0.19.9.tgz",
      "integrity": "sha512-oxoQgglOP7RH6iasDrhY+R/3cHrfwIDvRlT4CGChflq6twk8iENeVvMJjmvBb94Ik1Z+93iGO27err7w6l54GQ==",
      "cpu": [
        "x64"
      ],
      "dev": true,
      "optional": true,
      "os": [
        "win32"
      ],
      "engines": {
        "node": ">=12"
      }
    },
    "node_modules/@jridgewell/sourcemap-codec": {
      "version": "1.4.15",
      "resolved": "https://registry.npmmirror.com/@jridgewell/sourcemap-codec/-/sourcemap-codec-1.4.15.tgz",
      "integrity": "sha512-eF2rxCRulEKXHTRiDrDy6erMYWqNw4LPdQ8UQA4huuxaQsVeRPFl2oM8oDGxMFhJUWZf9McpLtJasDDZb/Bpeg=="
    },
    "node_modules/@juggle/resize-observer": {
      "version": "3.4.0",
      "resolved": "https://registry.npmmirror.com/@juggle/resize-observer/-/resize-observer-3.4.0.tgz",
      "integrity": "sha512-dfLbk+PwWvFzSxwk3n5ySL0hfBog779o8h68wK/7/APo/7cgyWp5jcXockbxdk5kFRkbeXWm4Fbi9FrdN381sA=="
    },
    "node_modules/@rollup/pluginutils": {
      "version": "4.2.1",
      "resolved": "https://registry.npmmirror.com/@rollup/pluginutils/-/pluginutils-4.2.1.tgz",
      "integrity": "sha512-iKnFXr7NkdZAIHiIWE+BX5ULi/ucVFYWD6TbAV+rZctiRTY2PL6tsIKhoIOaoskiWAkgu+VsbXgUVDNLHf+InQ==",
      "dev": true,
      "dependencies": {
        "estree-walker": "^2.0.1",
        "picomatch": "^2.2.2"
      },
      "engines": {
        "node": ">= 8.0.0"
      }
    },
    "node_modules/@rollup/rollup-android-arm-eabi": {
      "version": "4.9.0",
      "resolved": "https://registry.npmmirror.com/@rollup/rollup-android-arm-eabi/-/rollup-android-arm-eabi-4.9.0.tgz",
      "integrity": "sha512-+1ge/xmaJpm1KVBuIH38Z94zj9fBD+hp+/5WLaHgyY8XLq1ibxk/zj6dTXaqM2cAbYKq8jYlhHd6k05If1W5xA==",
      "cpu": [
        "arm"
      ],
      "dev": true,
      "optional": true,
      "os": [
        "android"
      ]
    },
    "node_modules/@rollup/rollup-android-arm64": {
      "version": "4.9.0",
      "resolved": "https://registry.npmmirror.com/@rollup/rollup-android-arm64/-/rollup-android-arm64-4.9.0.tgz",
      "integrity": "sha512-im6hUEyQ7ZfoZdNvtwgEJvBWZYauC9KVKq1w58LG2Zfz6zMd8gRrbN+xCVoqA2hv/v6fm9lp5LFGJ3za8EQH3A==",
      "cpu": [
        "arm64"
      ],
      "dev": true,
      "optional": true,
      "os": [
        "android"
      ]
    },
    "node_modules/@rollup/rollup-darwin-arm64": {
      "version": "4.9.0",
      "resolved": "https://registry.npmmirror.com/@rollup/rollup-darwin-arm64/-/rollup-darwin-arm64-4.9.0.tgz",
      "integrity": "sha512-u7aTMskN6Dmg1lCT0QJ+tINRt+ntUrvVkhbPfFz4bCwRZvjItx2nJtwJnJRlKMMaQCHRjrNqHRDYvE4mBm3DlQ==",
      "cpu": [
        "arm64"
      ],
      "dev": true,
      "optional": true,
      "os": [
        "darwin"
      ]
    },
    "node_modules/@rollup/rollup-darwin-x64": {
      "version": "4.9.0",
      "resolved": "https://registry.npmmirror.com/@rollup/rollup-darwin-x64/-/rollup-darwin-x64-4.9.0.tgz",
      "integrity": "sha512-8FvEl3w2ExmpcOmX5RJD0yqXcVSOqAJJUJ29Lca29Ik+3zPS1yFimr2fr5JSZ4Z5gt8/d7WqycpgkX9nocijSw==",
      "cpu": [
        "x64"
      ],
      "dev": true,
      "optional": true,
      "os": [
        "darwin"
      ]
    },
    "node_modules/@rollup/rollup-linux-arm-gnueabihf": {
      "version": "4.9.0",
      "resolved": "https://registry.npmmirror.com/@rollup/rollup-linux-arm-gnueabihf/-/rollup-linux-arm-gnueabihf-4.9.0.tgz",
      "integrity": "sha512-lHoKYaRwd4gge+IpqJHCY+8Vc3hhdJfU6ukFnnrJasEBUvVlydP8PuwndbWfGkdgSvZhHfSEw6urrlBj0TSSfg==",
      "cpu": [
        "arm"
      ],
      "dev": true,
      "optional": true,
      "os": [
        "linux"
      ]
    },
    "node_modules/@rollup/rollup-linux-arm64-gnu": {
      "version": "4.9.0",
      "resolved": "https://registry.npmmirror.com/@rollup/rollup-linux-arm64-gnu/-/rollup-linux-arm64-gnu-4.9.0.tgz",
      "integrity": "sha512-JbEPfhndYeWHfOSeh4DOFvNXrj7ls9S/2omijVsao+LBPTPayT1uKcK3dHW3MwDJ7KO11t9m2cVTqXnTKpeaiw==",
      "cpu": [
        "arm64"
      ],
      "dev": true,
      "optional": true,
      "os": [
        "linux"
      ]
    },
    "node_modules/@rollup/rollup-linux-arm64-musl": {
      "version": "4.9.0",
      "resolved": "https://registry.npmmirror.com/@rollup/rollup-linux-arm64-musl/-/rollup-linux-arm64-musl-4.9.0.tgz",
      "integrity": "sha512-ahqcSXLlcV2XUBM3/f/C6cRoh7NxYA/W7Yzuv4bDU1YscTFw7ay4LmD7l6OS8EMhTNvcrWGkEettL1Bhjf+B+w==",
      "cpu": [
        "arm64"
      ],
      "dev": true,
      "optional": true,
      "os": [
        "linux"
      ]
    },
    "node_modules/@rollup/rollup-linux-riscv64-gnu": {
      "version": "4.9.0",
      "resolved": "https://registry.npmmirror.com/@rollup/rollup-linux-riscv64-gnu/-/rollup-linux-riscv64-gnu-4.9.0.tgz",
      "integrity": "sha512-uwvOYNtLw8gVtrExKhdFsYHA/kotURUmZYlinH2VcQxNCQJeJXnkmWgw2hI9Xgzhgu7J9QvWiq9TtTVwWMDa+w==",
      "cpu": [
        "riscv64"
      ],
      "dev": true,
      "optional": true,
      "os": [
        "linux"
      ]
    },
    "node_modules/@rollup/rollup-linux-x64-gnu": {
      "version": "4.9.0",
      "resolved": "https://registry.npmmirror.com/@rollup/rollup-linux-x64-gnu/-/rollup-linux-x64-gnu-4.9.0.tgz",
      "integrity": "sha512-m6pkSwcZZD2LCFHZX/zW2aLIISyzWLU3hrLLzQKMI12+OLEzgruTovAxY5sCZJkipklaZqPy/2bEEBNjp+Y7xg==",
      "cpu": [
        "x64"
      ],
      "dev": true,
      "optional": true,
      "os": [
        "linux"
      ]
    },
    "node_modules/@rollup/rollup-linux-x64-musl": {
      "version": "4.9.0",
      "resolved": "https://registry.npmmirror.com/@rollup/rollup-linux-x64-musl/-/rollup-linux-x64-musl-4.9.0.tgz",
      "integrity": "sha512-VFAC1RDRSbU3iOF98X42KaVicAfKf0m0OvIu8dbnqhTe26Kh6Ym9JrDulz7Hbk7/9zGc41JkV02g+p3BivOdAg==",
      "cpu": [
        "x64"
      ],
      "dev": true,
      "optional": true,
      "os": [
        "linux"
      ]
    },
    "node_modules/@rollup/rollup-win32-arm64-msvc": {
      "version": "4.9.0",
      "resolved": "https://registry.npmmirror.com/@rollup/rollup-win32-arm64-msvc/-/rollup-win32-arm64-msvc-4.9.0.tgz",
      "integrity": "sha512-9jPgMvTKXARz4inw6jezMLA2ihDBvgIU9Ml01hjdVpOcMKyxFBJrn83KVQINnbeqDv0+HdO1c09hgZ8N0s820Q==",
      "cpu": [
        "arm64"
      ],
      "dev": true,
      "optional": true,
      "os": [
        "win32"
      ]
    },
    "node_modules/@rollup/rollup-win32-ia32-msvc": {
      "version": "4.9.0",
      "resolved": "https://registry.npmmirror.com/@rollup/rollup-win32-ia32-msvc/-/rollup-win32-ia32-msvc-4.9.0.tgz",
      "integrity": "sha512-WE4pT2kTXQN2bAv40Uog0AsV7/s9nT9HBWXAou8+++MBCnY51QS02KYtm6dQxxosKi1VIz/wZIrTQO5UP2EW+Q==",
      "cpu": [
        "ia32"
      ],
      "dev": true,
      "optional": true,
      "os": [
        "win32"
      ]
    },
    "node_modules/@rollup/rollup-win32-x64-msvc": {
      "version": "4.9.0",
      "resolved": "https://registry.npmmirror.com/@rollup/rollup-win32-x64-msvc/-/rollup-win32-x64-msvc-4.9.0.tgz",
      "integrity": "sha512-aPP5Q5AqNGuT0tnuEkK/g4mnt3ZhheiXrDIiSVIHN9mcN21OyXDVbEMqmXPE7e2OplNLDkcvV+ZoGJa2ZImFgw==",
      "cpu": [
        "x64"
      ],
      "dev": true,
      "optional": true,
      "os": [
        "win32"
      ]
    },
    "node_modules/@types/katex": {
      "version": "0.16.7",
      "resolved": "https://registry.npmmirror.com/@types/katex/-/katex-0.16.7.tgz",
      "integrity": "sha512-HMwFiRujE5PjrgwHQ25+bsLJgowjGjm5Z8FVSf0N6PwgJrwxH0QxzHYDcKsTfV3wva0vzrpqMTJS2jXPr5BMEQ=="
    },
    "node_modules/@types/lodash": {
      "version": "4.14.202",
      "resolved": "https://registry.npmmirror.com/@types/lodash/-/lodash-4.14.202.tgz",
      "integrity": "sha512-OvlIYQK9tNneDlS0VN54LLd5uiPCBOp7gS5Z0f1mjoJYBrtStzgmJBxONW3U6OZqdtNzZPmn9BS/7WI7BFFcFQ=="
    },
    "node_modules/@types/lodash-es": {
      "version": "4.17.12",
      "resolved": "https://registry.npmmirror.com/@types/lodash-es/-/lodash-es-4.17.12.tgz",
      "integrity": "sha512-0NgftHUcV4v34VhXm8QBSftKVXtbkBG3ViCjs6+eJ5a6y6Mi/jiFGPc1sC7QK+9BFhWrURE3EOggmWaSxL9OzQ==",
      "dependencies": {
        "@types/lodash": "*"
      }
    },
    "node_modules/@vitejs/plugin-vue": {
      "version": "4.5.2",
      "resolved": "https://registry.npmmirror.com/@vitejs/plugin-vue/-/plugin-vue-4.5.2.tgz",
      "integrity": "sha512-UGR3DlzLi/SaVBPX0cnSyE37vqxU3O6chn8l0HJNzQzDia6/Au2A4xKv+iIJW8w2daf80G7TYHhi1pAUjdZ0bQ==",
      "dev": true,
      "engines": {
        "node": "^14.18.0 || >=16.0.0"
      },
      "peerDependencies": {
        "vite": "^4.0.0 || ^5.0.0",
        "vue": "^3.2.25"
      }
    },
    "node_modules/@vue/compiler-core": {
      "version": "3.3.12",
      "resolved": "https://registry.npmmirror.com/@vue/compiler-core/-/compiler-core-3.3.12.tgz",
      "integrity": "sha512-qAtjyG3GBLG0chzp5xGCyRLLe6wFCHmjI82aGzwuGKyznNP+GJJMxjc0wOYWDB2YKfho7niJFdoFpo0CZZQg9w==",
      "dependencies": {
        "@babel/parser": "^7.23.5",
        "@vue/shared": "3.3.12",
        "estree-walker": "^2.0.2",
        "source-map-js": "^1.0.2"
      }
    },
    "node_modules/@vue/compiler-dom": {
      "version": "3.3.12",
      "resolved": "https://registry.npmmirror.com/@vue/compiler-dom/-/compiler-dom-3.3.12.tgz",
      "integrity": "sha512-RdJU9oEYaoPKUdGXCy0l+i4clesdDeLmbvRlszoc9iagsnBnMmQtYfCPVQ5BHB6o7K4SCucDdJM2Dh3oXB0D6g==",
      "dependencies": {
        "@vue/compiler-core": "3.3.12",
        "@vue/shared": "3.3.12"
      }
    },
    "node_modules/@vue/compiler-sfc": {
      "version": "3.3.12",
      "resolved": "https://registry.npmmirror.com/@vue/compiler-sfc/-/compiler-sfc-3.3.12.tgz",
      "integrity": "sha512-yy5b9e7b79dsGbMmglCe/YnhCQgBkHO7Uf6JfjWPSf2/5XH+MKn18LhzhHyxbHdJgnA4lZCqtXzLaJz8Pd8lMw==",
      "dependencies": {
        "@babel/parser": "^7.23.5",
        "@vue/compiler-core": "3.3.12",
        "@vue/compiler-dom": "3.3.12",
        "@vue/compiler-ssr": "3.3.12",
        "@vue/reactivity-transform": "3.3.12",
        "@vue/shared": "3.3.12",
        "estree-walker": "^2.0.2",
        "magic-string": "^0.30.5",
        "postcss": "^8.4.32",
        "source-map-js": "^1.0.2"
      }
    },
    "node_modules/@vue/compiler-ssr": {
      "version": "3.3.12",
      "resolved": "https://registry.npmmirror.com/@vue/compiler-ssr/-/compiler-ssr-3.3.12.tgz",
      "integrity": "sha512-adCiMJPznfWcQyk/9HSuXGja859IaMV+b8UNSVzDatqv7h0PvT9BEeS22+gjkWofDiSg5d78/ZLls3sLA+cn3A==",
      "dependencies": {
        "@vue/compiler-dom": "3.3.12",
        "@vue/shared": "3.3.12"
      }
    },
    "node_modules/@vue/devtools-api": {
      "version": "6.5.1",
      "resolved": "https://registry.npmmirror.com/@vue/devtools-api/-/devtools-api-6.5.1.tgz",
      "integrity": "sha512-+KpckaAQyfbvshdDW5xQylLni1asvNSGme1JFs8I1+/H5pHEhqUKMEQD/qn3Nx5+/nycBq11qAEi8lk+LXI2dA=="
    },
    "node_modules/@vue/reactivity": {
      "version": "3.3.12",
      "resolved": "https://registry.npmmirror.com/@vue/reactivity/-/reactivity-3.3.12.tgz",
      "integrity": "sha512-vOJORzO8DlIx88cgTnMLIf2GlLYpoXAKsuoQsK6SGdaqODjxO129pVPTd2s/N/Mb6KKZEFIHIEwWGmtN4YPs+g==",
      "dependencies": {
        "@vue/shared": "3.3.12"
      }
    },
    "node_modules/@vue/reactivity-transform": {
      "version": "3.3.12",
      "resolved": "https://registry.npmmirror.com/@vue/reactivity-transform/-/reactivity-transform-3.3.12.tgz",
      "integrity": "sha512-g5TijmML7FyKkLt6QnpqNmA4KD7K/T5SbXa88Bhq+hydNQEkzA8veVXWAQuNqg9rjaFYD0rPf0a9NofKA0ENgg==",
      "dependencies": {
        "@babel/parser": "^7.23.5",
        "@vue/compiler-core": "3.3.12",
        "@vue/shared": "3.3.12",
        "estree-walker": "^2.0.2",
        "magic-string": "^0.30.5"
      }
    },
    "node_modules/@vue/runtime-core": {
      "version": "3.3.12",
      "resolved": "https://registry.npmmirror.com/@vue/runtime-core/-/runtime-core-3.3.12.tgz",
      "integrity": "sha512-5iL4w7MZrSGKEZU2wFAYhDZdZmgn+s//73EfgDXW1M+ZUOl36md7tlWp1QFK/ladiq4FvQ82shVjo0KiPDPr0A==",
      "dependencies": {
        "@vue/reactivity": "3.3.12",
        "@vue/shared": "3.3.12"
      }
    },
    "node_modules/@vue/runtime-dom": {
      "version": "3.3.12",
      "resolved": "https://registry.npmmirror.com/@vue/runtime-dom/-/runtime-dom-3.3.12.tgz",
      "integrity": "sha512-8mMzqiIdl+IYa/OXwKwk6/4ebLq7cYV1pUcwCSwBK2KerUa6cwGosen5xrCL9f8o2DJ9TfPFwbPEvH7OXzUpoA==",
      "dependencies": {
        "@vue/runtime-core": "3.3.12",
        "@vue/shared": "3.3.12",
        "csstype": "^3.1.3"
      }
    },
    "node_modules/@vue/server-renderer": {
      "version": "3.3.12",
      "resolved": "https://registry.npmmirror.com/@vue/server-renderer/-/server-renderer-3.3.12.tgz",
      "integrity": "sha512-OZ0IEK5TU5GXb5J8/wSplyxvGGdIcwEmS8EIO302Vz8K6fGSgSJTU54X0Sb6PaefzZdiN3vHsLXO8XIeF8crQQ==",
      "dependencies": {
        "@vue/compiler-ssr": "3.3.12",
        "@vue/shared": "3.3.12"
      },
      "peerDependencies": {
        "vue": "3.3.12"
      }
    },
    "node_modules/@vue/shared": {
      "version": "3.3.12",
      "resolved": "https://registry.npmmirror.com/@vue/shared/-/shared-3.3.12.tgz",
      "integrity": "sha512-6p0Yin0pclvnER7BLNOQuod9Z+cxSYh8pSh7CzHnWNjAIP6zrTlCdHRvSCb1aYEx6i3Q3kvfuWU7nG16CgG1ag=="
    },
    "node_modules/async-validator": {
      "version": "4.2.5",
      "resolved": "https://registry.npmmirror.com/async-validator/-/async-validator-4.2.5.tgz",
      "integrity": "sha512-7HhHjtERjqlNbZtqNqy2rckN/SpOOlmDliet+lP7k+eKZEjPk3DgyeU9lIXLdeLz0uBbbVp+9Qdow9wJWgwwfg=="
    },
    "node_modules/camel-case": {
      "version": "4.1.2",
      "resolved": "https://registry.npmmirror.com/camel-case/-/camel-case-4.1.2.tgz",
      "integrity": "sha512-gxGWBrTT1JuMx6R+o5PTXMmUnhnVzLQ9SNutD4YqKtI6ap897t3tKECYla6gCWEkplXnlNybEkZg9GEGxKFCgw==",
      "dev": true,
      "dependencies": {
        "pascal-case": "^3.1.2",
        "tslib": "^2.0.3"
      }
    },
    "node_modules/capital-case": {
      "version": "1.0.4",
      "resolved": "https://registry.npmmirror.com/capital-case/-/capital-case-1.0.4.tgz",
      "integrity": "sha512-ds37W8CytHgwnhGGTi88pcPyR15qoNkOpYwmMMfnWqqWgESapLqvDx6huFjQ5vqWSn2Z06173XNA7LtMOeUh1A==",
      "dev": true,
      "dependencies": {
        "no-case": "^3.0.4",
        "tslib": "^2.0.3",
        "upper-case-first": "^2.0.2"
      }
    },
    "node_modules/change-case": {
      "version": "4.1.2",
      "resolved": "https://registry.npmmirror.com/change-case/-/change-case-4.1.2.tgz",
      "integrity": "sha512-bSxY2ws9OtviILG1EiY5K7NNxkqg/JnRnFxLtKQ96JaviiIxi7djMrSd0ECT9AC+lttClmYwKw53BWpOMblo7A==",
      "dev": true,
      "dependencies": {
        "camel-case": "^4.1.2",
        "capital-case": "^1.0.4",
        "constant-case": "^3.0.4",
        "dot-case": "^3.0.4",
        "header-case": "^2.0.4",
        "no-case": "^3.0.4",
        "param-case": "^3.0.4",
        "pascal-case": "^3.1.2",
        "path-case": "^3.0.4",
        "sentence-case": "^3.0.4",
        "snake-case": "^3.0.4",
        "tslib": "^2.0.3"
      }
    },
    "node_modules/console": {
      "version": "0.7.2",
      "resolved": "https://registry.npmmirror.com/console/-/console-0.7.2.tgz",
      "integrity": "sha512-+JSDwGunA4MTEgAV/4VBKwUHonP8CzJ/6GIuwPi6acKFqFfHUdSGCm89ZxZ5FfGWdZfkdgAroy5bJ5FSeN/t4g==",
      "dev": true
    },
    "node_modules/constant-case": {
      "version": "3.0.4",
      "resolved": "https://registry.npmmirror.com/constant-case/-/constant-case-3.0.4.tgz",
      "integrity": "sha512-I2hSBi7Vvs7BEuJDr5dDHfzb/Ruj3FyvFyh7KLilAjNQw3Be+xgqUBA2W6scVEcL0hL1dwPRtIqEPVUCKkSsyQ==",
      "dev": true,
      "dependencies": {
        "no-case": "^3.0.4",
        "tslib": "^2.0.3",
        "upper-case": "^2.0.2"
      }
    },
    "node_modules/css-render": {
      "version": "0.15.12",
      "resolved": "https://registry.npmmirror.com/css-render/-/css-render-0.15.12.tgz",
      "integrity": "sha512-eWzS66patiGkTTik+ipO9qNGZ+uNuGyTmnz6/+EJIiFg8+3yZRpnMwgFo8YdXhQRsiePzehnusrxVvugNjXzbw==",
      "dependencies": {
        "@emotion/hash": "~0.8.0",
        "csstype": "~3.0.5"
      }
    },
    "node_modules/css-render/node_modules/csstype": {
      "version": "3.0.11",
      "resolved": "https://registry.npmmirror.com/csstype/-/csstype-3.0.11.tgz",
      "integrity": "sha512-sa6P2wJ+CAbgyy4KFssIb/JNMLxFvKF1pCYCSXS8ZMuqZnMsrxqI2E5sPyoTpxoPU/gVZMzr2zjOfg8GIZOMsw=="
    },
    "node_modules/csstype": {
      "version": "3.1.3",
      "resolved": "https://registry.npmmirror.com/csstype/-/csstype-3.1.3.tgz",
      "integrity": "sha512-M1uQkMl8rQK/szD0LNhtqxIPLpimGm8sOBwU7lLnCpSbTyY3yeU1Vc7l4KT5zT4s/yOxHH5O7tIuuLOCnLADRw=="
    },
    "node_modules/date-fns": {
      "version": "2.30.0",
      "resolved": "https://registry.npmmirror.com/date-fns/-/date-fns-2.30.0.tgz",
      "integrity": "sha512-fnULvOpxnC5/Vg3NCiWelDsLiUc9bRwAPs/+LfTLNvetFCtCTN+yQz15C/fs4AwX1R9K5GLtLfn8QW+dWisaAw==",
      "dependencies": {
        "@babel/runtime": "^7.21.0"
      },
      "engines": {
        "node": ">=0.11"
      }
    },
    "node_modules/date-fns-tz": {
      "version": "2.0.0",
      "resolved": "https://registry.npmmirror.com/date-fns-tz/-/date-fns-tz-2.0.0.tgz",
      "integrity": "sha512-OAtcLdB9vxSXTWHdT8b398ARImVwQMyjfYGkKD2zaGpHseG2UPHbHjXELReErZFxWdSLph3c2zOaaTyHfOhERQ==",
      "peerDependencies": {
        "date-fns": ">=2.0.0"
      }
    },
    "node_modules/dot-case": {
      "version": "3.0.4",
      "resolved": "https://registry.npmmirror.com/dot-case/-/dot-case-3.0.4.tgz",
      "integrity": "sha512-Kv5nKlh6yRrdrGvxeJ2e5y2eRUpkUosIW4A2AS38zwSz27zu7ufDwQPi5Jhs3XAlGNetl3bmnGhQsMtkKJnj3w==",
      "dev": true,
      "dependencies": {
        "no-case": "^3.0.4",
        "tslib": "^2.0.3"
      }
    },
    "node_modules/es-module-lexer": {
      "version": "0.9.3",
      "resolved": "https://registry.npmmirror.com/es-module-lexer/-/es-module-lexer-0.9.3.tgz",
      "integrity": "sha512-1HQ2M2sPtxwnvOvT1ZClHyQDiggdNjURWpY2we6aMKCQiUVxTmVs2UYPLIrD84sS+kMdUwfBSylbJPwNnBrnHQ==",
      "dev": true
    },
    "node_modules/esbuild": {
      "version": "0.19.9",
      "resolved": "https://registry.npmmirror.com/esbuild/-/esbuild-0.19.9.tgz",
      "integrity": "sha512-U9CHtKSy+EpPsEBa+/A2gMs/h3ylBC0H0KSqIg7tpztHerLi6nrrcoUJAkNCEPumx8yJ+Byic4BVwHgRbN0TBg==",
      "dev": true,
      "hasInstallScript": true,
      "bin": {
        "esbuild": "bin/esbuild"
      },
      "engines": {
        "node": ">=12"
      },
      "optionalDependencies": {
        "@esbuild/android-arm": "0.19.9",
        "@esbuild/android-arm64": "0.19.9",
        "@esbuild/android-x64": "0.19.9",
        "@esbuild/darwin-arm64": "0.19.9",
        "@esbuild/darwin-x64": "0.19.9",
        "@esbuild/freebsd-arm64": "0.19.9",
        "@esbuild/freebsd-x64": "0.19.9",
        "@esbuild/linux-arm": "0.19.9",
        "@esbuild/linux-arm64": "0.19.9",
        "@esbuild/linux-ia32": "0.19.9",
        "@esbuild/linux-loong64": "0.19.9",
        "@esbuild/linux-mips64el": "0.19.9",
        "@esbuild/linux-ppc64": "0.19.9",
        "@esbuild/linux-riscv64": "0.19.9",
        "@esbuild/linux-s390x": "0.19.9",
        "@esbuild/linux-x64": "0.19.9",
        "@esbuild/netbsd-x64": "0.19.9",
        "@esbuild/openbsd-x64": "0.19.9",
        "@esbuild/sunos-x64": "0.19.9",
        "@esbuild/win32-arm64": "0.19.9",
        "@esbuild/win32-ia32": "0.19.9",
        "@esbuild/win32-x64": "0.19.9"
      }
    },
    "node_modules/estree-walker": {
      "version": "2.0.2",
      "resolved": "https://registry.npmmirror.com/estree-walker/-/estree-walker-2.0.2.tgz",
      "integrity": "sha512-Rfkk/Mp/DL7JVje3u18FxFujQlTNR2q6QfMSMB7AvCBx91NGj/ba3kCfza0f6dVDbw7YlRf/nDrn7pQrCCyQ/w=="
    },
    "node_modules/evtd": {
      "version": "0.2.4",
      "resolved": "https://registry.npmmirror.com/evtd/-/evtd-0.2.4.tgz",
      "integrity": "sha512-qaeGN5bx63s/AXgQo8gj6fBkxge+OoLddLniox5qtLAEY5HSnuSlISXVPxnSae1dWblvTh4/HoMIB+mbMsvZzw=="
    },
    "node_modules/fs-extra": {
      "version": "10.1.0",
      "resolved": "https://registry.npmmirror.com/fs-extra/-/fs-extra-10.1.0.tgz",
      "integrity": "sha512-oRXApq54ETRj4eMiFzGnHWGy+zo5raudjuxN0b8H7s/RU2oW0Wvsx9O0ACRN/kRq9E8Vu/ReskGB5o3ji+FzHQ==",
      "dev": true,
      "dependencies": {
        "graceful-fs": "^4.2.0",
        "jsonfile": "^6.0.1",
        "universalify": "^2.0.0"
      },
      "engines": {
        "node": ">=12"
      }
    },
    "node_modules/fsevents": {
      "version": "2.3.3",
      "resolved": "https://registry.npmmirror.com/fsevents/-/fsevents-2.3.3.tgz",
      "integrity": "sha512-5xoDfX+fL7faATnagmWPpbFtwh/R77WmMMqqHGS65C3vvB0YHrgF+B1YmZ3441tMj5n63k0212XNoJwzlhffQw==",
      "dev": true,
      "hasInstallScript": true,
      "optional": true,
      "os": [
        "darwin"
      ],
      "engines": {
        "node": "^8.16.0 || ^10.6.0 || >=11.0.0"
      }
    },
    "node_modules/graceful-fs": {
      "version": "4.2.11",
      "resolved": "https://registry.npmmirror.com/graceful-fs/-/graceful-fs-4.2.11.tgz",
      "integrity": "sha512-RbJ5/jmFcNNCcDV5o9eTnBLJ/HszWV0P73bc+Ff4nS/rJj+YaS6IGyiOL0VoBYX+l1Wrl3k63h/KrH+nhJ0XvQ==",
      "dev": true
    },
    "node_modules/header-case": {
      "version": "2.0.4",
      "resolved": "https://registry.npmmirror.com/header-case/-/header-case-2.0.4.tgz",
      "integrity": "sha512-H/vuk5TEEVZwrR0lp2zed9OCo1uAILMlx0JEMgC26rzyJJ3N1v6XkwHHXJQdR2doSjcGPM6OKPYoJgf0plJ11Q==",
      "dev": true,
      "dependencies": {
        "capital-case": "^1.0.4",
        "tslib": "^2.0.3"
      }
    },
    "node_modules/highlight.js": {
      "version": "11.9.0",
      "resolved": "https://registry.npmmirror.com/highlight.js/-/highlight.js-11.9.0.tgz",
      "integrity": "sha512-fJ7cW7fQGCYAkgv4CPfwFHrfd/cLS4Hau96JuJ+ZTOWhjnhoeN1ub1tFmALm/+lW5z4WCAuAV9bm05AP0mS6Gw==",
      "engines": {
        "node": ">=12.0.0"
      }
    },
    "node_modules/jsonfile": {
      "version": "6.1.0",
      "resolved": "https://registry.npmmirror.com/jsonfile/-/jsonfile-6.1.0.tgz",
      "integrity": "sha512-5dgndWOriYSm5cnYaJNhalLNDKOqFwyDB/rr1E9ZsGciGvKPs8R2xYGCacuf3z6K1YKDz182fd+fY3cn3pMqXQ==",
      "dev": true,
      "dependencies": {
        "universalify": "^2.0.0"
      },
      "optionalDependencies": {
        "graceful-fs": "^4.1.6"
      }
    },
    "node_modules/lodash": {
      "version": "4.17.21",
      "resolved": "https://registry.npmmirror.com/lodash/-/lodash-4.17.21.tgz",
      "integrity": "sha512-v2kDEe57lecTulaDIuNTPy3Ry4gLGJ6Z1O3vE1krgXZNrsQ+LFTGHVxVjcXPs17LhbZVGedAJv8XZ1tvj5FvSg=="
    },
    "node_modules/lodash-es": {
      "version": "4.17.21",
      "resolved": "https://registry.npmmirror.com/lodash-es/-/lodash-es-4.17.21.tgz",
      "integrity": "sha512-mKnC+QJ9pWVzv+C4/U3rRsHapFfHvQFoFB92e52xeyGMcX6/OlIl78je1u8vePzYZSkkogMPJ2yjxxsb89cxyw=="
    },
    "node_modules/lower-case": {
      "version": "2.0.2",
      "resolved": "https://registry.npmmirror.com/lower-case/-/lower-case-2.0.2.tgz",
      "integrity": "sha512-7fm3l3NAF9WfN6W3JOmf5drwpVqX78JtoGJ3A6W0a6ZnldM41w2fV5D490psKFTpMds8TJse/eHLFFsNHHjHgg==",
      "dev": true,
      "dependencies": {
        "tslib": "^2.0.3"
      }
    },
    "node_modules/magic-string": {
      "version": "0.30.5",
      "resolved": "https://registry.npmmirror.com/magic-string/-/magic-string-0.30.5.tgz",
      "integrity": "sha512-7xlpfBaQaP/T6Vh8MO/EqXSW5En6INHEvEXQiuff7Gku0PWjU3uf6w/j9o7O+SpB5fOAkrI5HeoNgwjEO0pFsA==",
      "dependencies": {
        "@jridgewell/sourcemap-codec": "^1.4.15"
      },
      "engines": {
        "node": ">=12"
      }
    },
    "node_modules/naive-ui": {
      "version": "2.35.0",
      "resolved": "https://registry.npmmirror.com/naive-ui/-/naive-ui-2.35.0.tgz",
      "integrity": "sha512-PdnLpOip1LQaKs5+rXLZoPDPQkTq26TnHWeABvUA2eOQjtHxE4+TQvj0Jq/W8clM2On/7jptoGmenLt48G3Bhg==",
      "dependencies": {
        "@css-render/plugin-bem": "^0.15.12",
        "@css-render/vue3-ssr": "^0.15.12",
        "@types/katex": "^0.16.2",
        "@types/lodash": "^4.14.198",
        "@types/lodash-es": "^4.17.9",
        "async-validator": "^4.2.5",
        "css-render": "^0.15.12",
        "date-fns": "^2.30.0",
        "date-fns-tz": "^2.0.0",
        "evtd": "^0.2.4",
        "highlight.js": "^11.8.0",
        "lodash": "^4.17.21",
        "lodash-es": "^4.17.21",
        "seemly": "^0.3.6",
        "treemate": "^0.3.11",
        "vdirs": "^0.1.8",
        "vooks": "^0.2.12",
        "vueuc": "^0.4.51"
      },
      "peerDependencies": {
        "vue": "^3.0.0"
      }
    },
    "node_modules/nanoid": {
      "version": "3.3.7",
      "resolved": "https://registry.npmmirror.com/nanoid/-/nanoid-3.3.7.tgz",
      "integrity": "sha512-eSRppjcPIatRIMC1U6UngP8XFcz8MQWGQdt1MTBQ7NaAmvXDfvNxbvWV3x2y6CdEUciCSsDHDQZbhYaB8QEo2g==",
      "bin": {
        "nanoid": "bin/nanoid.cjs"
      },
      "engines": {
        "node": "^10 || ^12 || ^13.7 || ^14 || >=15.0.1"
      }
    },
    "node_modules/no-case": {
      "version": "3.0.4",
      "resolved": "https://registry.npmmirror.com/no-case/-/no-case-3.0.4.tgz",
      "integrity": "sha512-fgAN3jGAh+RoxUGZHTSOLJIqUc2wmoBwGR4tbpNAKmmovFoWq0OdRkb0VkldReO2a2iBT/OEulG9XSUc10r3zg==",
      "dev": true,
      "dependencies": {
        "lower-case": "^2.0.2",
        "tslib": "^2.0.3"
      }
    },
    "node_modules/param-case": {
      "version": "3.0.4",
      "resolved": "https://registry.npmmirror.com/param-case/-/param-case-3.0.4.tgz",
      "integrity": "sha512-RXlj7zCYokReqWpOPH9oYivUzLYZ5vAPIfEmCTNViosC78F8F0H9y7T7gG2M39ymgutxF5gcFEsyZQSph9Bp3A==",
      "dev": true,
      "dependencies": {
        "dot-case": "^3.0.4",
        "tslib": "^2.0.3"
      }
    },
    "node_modules/pascal-case": {
      "version": "3.1.2",
      "resolved": "https://registry.npmmirror.com/pascal-case/-/pascal-case-3.1.2.tgz",
      "integrity": "sha512-uWlGT3YSnK9x3BQJaOdcZwrnV6hPpd8jFH1/ucpiLRPh/2zCVJKS19E4GvYHvaCcACn3foXZ0cLB9Wrx1KGe5g==",
      "dev": true,
      "dependencies": {
        "no-case": "^3.0.4",
        "tslib": "^2.0.3"
      }
    },
    "node_modules/path-case": {
      "version": "3.0.4",
      "resolved": "https://registry.npmmirror.com/path-case/-/path-case-3.0.4.tgz",
      "integrity": "sha512-qO4qCFjXqVTrcbPt/hQfhTQ+VhFsqNKOPtytgNKkKxSoEp3XPUQ8ObFuePylOIok5gjn69ry8XiULxCwot3Wfg==",
      "dev": true,
      "dependencies": {
        "dot-case": "^3.0.4",
        "tslib": "^2.0.3"
      }
    },
    "node_modules/pathe": {
      "version": "0.2.0",
      "resolved": "https://registry.npmmirror.com/pathe/-/pathe-0.2.0.tgz",
      "integrity": "sha512-sTitTPYnn23esFR3RlqYBWn4c45WGeLcsKzQiUpXJAyfcWkolvlYpV8FLo7JishK946oQwMFUCHXQ9AjGPKExw==",
      "dev": true
    },
    "node_modules/picocolors": {
      "version": "1.0.0",
      "resolved": "https://registry.npmmirror.com/picocolors/-/picocolors-1.0.0.tgz",
      "integrity": "sha512-1fygroTLlHu66zi26VoTDv8yRgm0Fccecssto+MhsZ0D/DGW2sm8E8AjW7NU5VVTRt5GxbeZ5qBuJr+HyLYkjQ=="
    },
    "node_modules/picomatch": {
      "version": "2.3.1",
      "resolved": "https://registry.npmmirror.com/picomatch/-/picomatch-2.3.1.tgz",
      "integrity": "sha512-JU3teHTNjmE2VCGFzuY8EXzCDVwEqB2a8fsIvwaStHhAWJEeVd1o1QD80CU6+ZdEXXSLbSsuLwJjkCBWqRQUVA==",
      "dev": true,
      "engines": {
        "node": ">=8.6"
      }
    },
    "node_modules/postcss": {
      "version": "8.4.32",
      "resolved": "https://registry.npmmirror.com/postcss/-/postcss-8.4.32.tgz",
      "integrity": "sha512-D/kj5JNu6oo2EIy+XL/26JEDTlIbB8hw85G8StOE6L74RQAVVP5rej6wxCNqyMbR4RkPfqvezVbPw81Ngd6Kcw==",
      "dependencies": {
        "nanoid": "^3.3.7",
        "picocolors": "^1.0.0",
        "source-map-js": "^1.0.2"
      },
      "engines": {
        "node": "^10 || ^12 || >=14"
      }
    },
    "node_modules/regenerator-runtime": {
      "version": "0.14.1",
      "resolved": "https://registry.npmmirror.com/regenerator-runtime/-/regenerator-runtime-0.14.1.tgz",
      "integrity": "sha512-dYnhHh0nJoMfnkZs6GmmhFknAGRrLznOu5nc9ML+EJxGvrx6H7teuevqVqCuPcPK//3eDrrjQhehXVx9cnkGdw=="
    },
    "node_modules/rollup": {
      "version": "4.9.0",
      "resolved": "https://registry.npmmirror.com/rollup/-/rollup-4.9.0.tgz",
      "integrity": "sha512-bUHW/9N21z64gw8s6tP4c88P382Bq/L5uZDowHlHx6s/QWpjJXivIAbEw6LZthgSvlEizZBfLC4OAvWe7aoF7A==",
      "dev": true,
      "bin": {
        "rollup": "dist/bin/rollup"
      },
      "engines": {
        "node": ">=18.0.0",
        "npm": ">=8.0.0"
      },
      "optionalDependencies": {
        "@rollup/rollup-android-arm-eabi": "4.9.0",
        "@rollup/rollup-android-arm64": "4.9.0",
        "@rollup/rollup-darwin-arm64": "4.9.0",
        "@rollup/rollup-darwin-x64": "4.9.0",
        "@rollup/rollup-linux-arm-gnueabihf": "4.9.0",
        "@rollup/rollup-linux-arm64-gnu": "4.9.0",
        "@rollup/rollup-linux-arm64-musl": "4.9.0",
        "@rollup/rollup-linux-riscv64-gnu": "4.9.0",
        "@rollup/rollup-linux-x64-gnu": "4.9.0",
        "@rollup/rollup-linux-x64-musl": "4.9.0",
        "@rollup/rollup-win32-arm64-msvc": "4.9.0",
        "@rollup/rollup-win32-ia32-msvc": "4.9.0",
        "@rollup/rollup-win32-x64-msvc": "4.9.0",
        "fsevents": "~2.3.2"
      }
    },
    "node_modules/seemly": {
      "version": "0.3.8",
      "resolved": "https://registry.npmmirror.com/seemly/-/seemly-0.3.8.tgz",
      "integrity": "sha512-MW8Qs6vbzo0pHmDpFSYPna+lwpZ6Zk1ancbajw/7E8TKtHdV+1DfZZD+kKJEhG/cAoB/i+LiT+5msZOqj0DwRA=="
    },
    "node_modules/sentence-case": {
      "version": "3.0.4",
      "resolved": "https://registry.npmmirror.com/sentence-case/-/sentence-case-3.0.4.tgz",
      "integrity": "sha512-8LS0JInaQMCRoQ7YUytAo/xUu5W2XnQxV2HI/6uM6U7CITS1RqPElr30V6uIqyMKM9lJGRVFy5/4CuzcixNYSg==",
      "dev": true,
      "dependencies": {
        "no-case": "^3.0.4",
        "tslib": "^2.0.3",
        "upper-case-first": "^2.0.2"
      }
    },
    "node_modules/snake-case": {
      "version": "3.0.4",
      "resolved": "https://registry.npmmirror.com/snake-case/-/snake-case-3.0.4.tgz",
      "integrity": "sha512-LAOh4z89bGQvl9pFfNF8V146i7o7/CqFPbqzYgP+yYzDIDeS9HaNFtXABamRW+AQzEVODcvE79ljJ+8a9YSdMg==",
      "dev": true,
      "dependencies": {
        "dot-case": "^3.0.4",
        "tslib": "^2.0.3"
      }
    },
    "node_modules/source-map-js": {
      "version": "1.0.2",
      "resolved": "https://registry.npmmirror.com/source-map-js/-/source-map-js-1.0.2.tgz",
      "integrity": "sha512-R0XvVJ9WusLiqTCEiGCmICCMplcCkIwwR11mOSD9CR5u+IXYdiseeEuXCVAjS54zqwkLcPNnmU4OeJ6tUrWhDw==",
      "engines": {
        "node": ">=0.10.0"
      }
    },
    "node_modules/sourcemap-codec": {
      "version": "1.4.8",
      "resolved": "https://registry.npmmirror.com/sourcemap-codec/-/sourcemap-codec-1.4.8.tgz",
      "integrity": "sha512-9NykojV5Uih4lgo5So5dtw+f0JgJX30KCNI8gwhz2J9A15wD0Ml6tjHKwf6fTSa6fAdVBdZeNOs9eJ71qCk8vA==",
      "deprecated": "Please use @jridgewell/sourcemap-codec instead",
      "dev": true
    },
    "node_modules/treemate": {
      "version": "0.3.11",
      "resolved": "https://registry.npmmirror.com/treemate/-/treemate-0.3.11.tgz",
      "integrity": "sha512-M8RGFoKtZ8dF+iwJfAJTOH/SM4KluKOKRJpjCMhI8bG3qB74zrFoArKZ62ll0Fr3mqkMJiQOmWYkdYgDeITYQg=="
    },
    "node_modules/tslib": {
      "version": "2.6.2",
      "resolved": "https://registry.npmmirror.com/tslib/-/tslib-2.6.2.tgz",
      "integrity": "sha512-AEYxH93jGFPn/a2iVAwW87VuUIkR1FVUKB77NwMF7nBTDkDrrT/Hpt/IrCJ0QXhW27jTBDcf5ZY7w6RiqTMw2Q==",
      "dev": true
    },
    "node_modules/universalify": {
      "version": "2.0.1",
      "resolved": "https://registry.npmmirror.com/universalify/-/universalify-2.0.1.tgz",
      "integrity": "sha512-gptHNQghINnc/vTGIk0SOFGFNXw7JVrlRUtConJRlvaw6DuX0wO5Jeko9sWrMBhh+PsYAZ7oXAiOnf/UKogyiw==",
      "dev": true,
      "engines": {
        "node": ">= 10.0.0"
      }
    },
    "node_modules/upper-case": {
      "version": "2.0.2",
      "resolved": "https://registry.npmmirror.com/upper-case/-/upper-case-2.0.2.tgz",
      "integrity": "sha512-KgdgDGJt2TpuwBUIjgG6lzw2GWFRCW9Qkfkiv0DxqHHLYJHmtmdUIKcZd8rHgFSjopVTlw6ggzCm1b8MFQwikg==",
      "dev": true,
      "dependencies": {
        "tslib": "^2.0.3"
      }
    },
    "node_modules/upper-case-first": {
      "version": "2.0.2",
      "resolved": "https://registry.npmmirror.com/upper-case-first/-/upper-case-first-2.0.2.tgz",
      "integrity": "sha512-514ppYHBaKwfJRK/pNC6c/OxfGa0obSnAl106u97Ed0I625Nin96KAjttZF6ZL3e1XLtphxnqrOi9iWgm+u+bg==",
      "dev": true,
      "dependencies": {
        "tslib": "^2.0.3"
      }
    },
    "node_modules/vdirs": {
      "version": "0.1.8",
      "resolved": "https://registry.npmmirror.com/vdirs/-/vdirs-0.1.8.tgz",
      "integrity": "sha512-H9V1zGRLQZg9b+GdMk8MXDN2Lva0zx72MPahDKc30v+DtwKjfyOSXWRIX4t2mhDubM1H09gPhWeth/BJWPHGUw==",
      "dependencies": {
        "evtd": "^0.2.2"
      },
      "peerDependencies": {
        "vue": "^3.0.11"
      }
    },
    "node_modules/vite": {
      "version": "5.0.10",
      "resolved": "https://registry.npmmirror.com/vite/-/vite-5.0.10.tgz",
      "integrity": "sha512-2P8J7WWgmc355HUMlFrwofacvr98DAjoE52BfdbwQtyLH06XKwaL/FMnmKM2crF0iX4MpmMKoDlNCB1ok7zHCw==",
      "dev": true,
      "dependencies": {
        "esbuild": "^0.19.3",
        "postcss": "^8.4.32",
        "rollup": "^4.2.0"
      },
      "bin": {
        "vite": "bin/vite.js"
      },
      "engines": {
        "node": "^18.0.0 || >=20.0.0"
      },
      "optionalDependencies": {
        "fsevents": "~2.3.3"
      },
      "peerDependencies": {
        "@types/node": "^18.0.0 || >=20.0.0",
        "less": "*",
        "lightningcss": "^1.21.0",
        "sass": "*",
        "stylus": "*",
        "sugarss": "*",
        "terser": "^5.4.0"
      },
      "peerDependenciesMeta": {
        "@types/node": {
          "optional": true
        },
        "less": {
          "optional": true
        },
        "lightningcss": {
          "optional": true
        },
        "sass": {
          "optional": true
        },
        "stylus": {
          "optional": true
        },
        "sugarss": {
          "optional": true
        },
        "terser": {
          "optional": true
        }
      }
    },
    "node_modules/vite-plugin-style-import": {
      "version": "2.0.0",
      "resolved": "https://registry.npmmirror.com/vite-plugin-style-import/-/vite-plugin-style-import-2.0.0.tgz",
      "integrity": "sha512-qtoHQae5dSUQPo/rYz/8p190VU5y19rtBaeV7ryLa/AYAU/e9CG89NrN/3+k7MR8mJy/GPIu91iJ3zk9foUOSA==",
      "dev": true,
      "dependencies": {
        "@rollup/pluginutils": "^4.1.2",
        "change-case": "^4.1.2",
        "console": "^0.7.2",
        "es-module-lexer": "^0.9.3",
        "fs-extra": "^10.0.0",
        "magic-string": "^0.25.7",
        "pathe": "^0.2.0"
      },
      "peerDependencies": {
        "vite": ">=2.0.0"
      }
    },
    "node_modules/vite-plugin-style-import/node_modules/magic-string": {
      "version": "0.25.9",
      "resolved": "https://registry.npmmirror.com/magic-string/-/magic-string-0.25.9.tgz",
      "integrity": "sha512-RmF0AsMzgt25qzqqLc1+MbHmhdx0ojF2Fvs4XnOqz2ZOBXzzkEwc/dJQZCYHAn7v1jbVOjAZfK8msRn4BxO4VQ==",
      "dev": true,
      "dependencies": {
        "sourcemap-codec": "^1.4.8"
      }
    },
    "node_modules/vooks": {
      "version": "0.2.12",
      "resolved": "https://registry.npmmirror.com/vooks/-/vooks-0.2.12.tgz",
      "integrity": "sha512-iox0I3RZzxtKlcgYaStQYKEzWWGAduMmq+jS7OrNdQo1FgGfPMubGL3uGHOU9n97NIvfFDBGnpSvkWyb/NSn/Q==",
      "dependencies": {
        "evtd": "^0.2.2"
      },
      "peerDependencies": {
        "vue": "^3.0.0"
      }
    },
    "node_modules/vue": {
      "version": "3.3.12",
      "resolved": "https://registry.npmmirror.com/vue/-/vue-3.3.12.tgz",
      "integrity": "sha512-jYNv2QmET2OTHsFzfWHMnqgCfqL4zfo97QwofdET+GBRCHhSCHuMTTvNIgeSn0/xF3JRT5OGah6MDwUFN7MPlg==",
      "dependencies": {
        "@vue/compiler-dom": "3.3.12",
        "@vue/compiler-sfc": "3.3.12",
        "@vue/runtime-dom": "3.3.12",
        "@vue/server-renderer": "3.3.12",
        "@vue/shared": "3.3.12"
      },
      "peerDependencies": {
        "typescript": "*"
      },
      "peerDependenciesMeta": {
        "typescript": {
          "optional": true
        }
      }
    },
    "node_modules/vue-router": {
      "version": "4.2.5",
      "resolved": "https://registry.npmmirror.com/vue-router/-/vue-router-4.2.5.tgz",
      "integrity": "sha512-DIUpKcyg4+PTQKfFPX88UWhlagBEBEfJ5A8XDXRJLUnZOvcpMF8o/dnL90vpVkGaPbjvXazV/rC1qBKrZlFugw==",
      "dependencies": {
        "@vue/devtools-api": "^6.5.0"
      },
      "peerDependencies": {
        "vue": "^3.2.0"
      }
    },
    "node_modules/vueuc": {
      "version": "0.4.54",
      "resolved": "https://registry.npmmirror.com/vueuc/-/vueuc-0.4.54.tgz",
      "integrity": "sha512-2LED7h1BSnCRPBI6AlSIf+1Yte1shN+Vb2gpspO5wHI7zWzbcq4bAu2f9nFh5yXIUKdzqmLvzRsOXDl4TrDyCw==",
      "dependencies": {
        "@css-render/vue3-ssr": "^0.15.10",
        "@juggle/resize-observer": "^3.3.1",
        "css-render": "^0.15.10",
        "evtd": "^0.2.4",
        "seemly": "^0.3.6",
        "vdirs": "^0.1.4",
        "vooks": "^0.2.4"
      },
      "peerDependencies": {
        "vue": "^3.0.11"
      }
    }
  }
}
